{
  "name": "majidai",
  "version": "1.0.3",
  "lockfileVersion": 1,
  "requires": true,
  "dependencies": {
    "merodb": {
      "version": "1.0.6",
      "resolved": "https://registry.npmjs.org/merodb/-/merodb-1.0.6.tgz",
      "integrity": "sha512-B77vz5Ri/rL5CIn3/TaO/8P6pcIPsQu7i7h4aRnqyD20i/UZRtPCpUjIVmEB8vYVQtpAy3DwghCVIBcyOPbk5Q=="
    }
  }
}
